// !$*UTF8*$!
{
	archiveVersion = 1;
	classes = {
	};
	objectVersion = 50;
	objects = {

/* Begin PBXBuildFile section */
		D07AA84B255BEE5F00D39C7F /* AppDelegate.swift in Sources */ = {isa = PBXBuildFile; fileRef = D07AA84A255BEE5F00D39C7F /* AppDelegate.swift */; };
		D07AA84D255BEE5F00D39C7F /* SceneDelegate.swift in Sources */ = {isa = PBXBuildFile; fileRef = D07AA84C255BEE5F00D39C7F /* SceneDelegate.swift */; };
		D07AA84F255BEE5F00D39C7F /* ViewController.swift in Sources */ = {isa = PBXBuildFile; fileRef = D07AA84E255BEE5F00D39C7F /* ViewController.swift */; };
		D07AA852255BEE5F00D39C7F /* Main.storyboard in Resources */ = {isa = PBXBuildFile; fileRef = D07AA850255BEE5F00D39C7F /* Main.storyboard */; };
		D07AA854255BEE6100D39C7F /* Assets.xcassets in Resources */ = {isa = PBXBuildFile; fileRef = D07AA853255BEE6100D39C7F /* Assets.xcassets */; };
		D07AA857255BEE6100D39C7F /* LaunchScreen.storyboard in Resources */ = {isa = PBXBuildFile; fileRef = D07AA855255BEE6100D39C7F /* LaunchScreen.storyboard */; };
		D07AA862255BEE6100D39C7F /* ML_SwiftTests.swift in Sources */ = {isa = PBXBuildFile; fileRef = D07AA861255BEE6100D39C7F /* ML_SwiftTests.swift */; };
		D07AA86D255BEE6100D39C7F /* ML_SwiftUITests.swift in Sources */ = {isa = PBXBuildFile; fileRef = D07AA86C255BEE6100D39C7F /* ML_SwiftUITests.swift */; };
/* End PBXBuildFile section */

/* Begin PBXContainerItemProxy section */
		D07AA85E255BEE6100D39C7F /* PBXContainerItemProxy */ = {
			isa = PBXContainerItemProxy;
			containerPortal = D07AA83F255BEE5F00D39C7F /* Project object */;
			proxyType = 1;
			remoteGlobalIDString = D07AA846255BEE5F00D39C7F;
			remoteInfo = ML_Swift;
		};
		D07AA869255BEE6100D39C7F /* PBXContainerItemProxy */ = {
			isa = PBXContainerItemProxy;
			containerPortal = D07AA83F255BEE5F00D39C7F /* Project object */;
			proxyType = 1;
			remoteGlobalIDString = D07AA846255BEE5F00D39C7F;
			remoteInfo = ML_Swift;
		};
/* End PBXContainerItemProxy section */

/* Begin PBXFileReference section */
		D07AA847255BEE5F00D39C7F /* ML_Swift.app */ = {isa = PBXFileReference; explicitFileType = wrapper.application; includeInIndex = 0; path = ML_Swift.app; sourceTree = BUILT_PRODUCTS_DIR; };
		D07AA84A255BEE5F00D39C7F /* AppDelegate.swift */ = {isa = PBXFileReference; lastKnownFileType = sourcecode.swift; path = AppDelegate.swift; sourceTree = "<group>"; };
		D07AA84C255BEE5F00D39C7F /* SceneDelegate.swift */ = {isa = PBXFileReference; lastKnownFileType = sourcecode.swift; path = SceneDelegate.swift; sourceTree = "<group>"; };
		D07AA84E255BEE5F00D39C7F /* ViewController.swift */ = {isa = PBXFileReference; lastKnownFileType = sourcecode.swift; path = ViewController.swift; sourceTree = "<group>"; };
		D07AA851255BEE5F00D39C7F /* Base */ = {isa = PBXFileReference; lastKnownFileType = file.storyboard; name = Base; path = Base.lproj/Main.storyboard; sourceTree = "<group>"; };
		D07AA853255BEE6100D39C7F /* Assets.xcassets */ = {isa = PBXFileReference; lastKnownFileType = folder.assetcatalog; path = Assets.xcassets; sourceTree = "<group>"; };
		D07AA856255BEE6100D39C7F /* Base */ = {isa = PBXFileReference; lastKnownFileType = file.storyboard; name = Base; path = Base.lproj/LaunchScreen.storyboard; sourceTree = "<group>"; };
		D07AA858255BEE6100D39C7F /* Info.plist */ = {isa = PBXFileReference; lastKnownFileType = text.plist.xml; path = Info.plist; sourceTree = "<group>"; };
		D07AA85D255BEE6100D39C7F /* ML_SwiftTests.xctest */ = {isa = PBXFileReference; explicitFileType = wrapper.cfbundle; includeInIndex = 0; path = ML_SwiftTests.xctest; sourceTree = BUILT_PRODUCTS_DIR; };
		D07AA861255BEE6100D39C7F /* ML_SwiftTests.swift */ = {isa = PBXFileReference; lastKnownFileType = sourcecode.swift; path = ML_SwiftTests.swift; sourceTree = "<group>"; };
		D07AA863255BEE6100D39C7F /* Info.plist */ = {isa = PBXFileReference; lastKnownFileType = text.plist.xml; path = Info.plist; sourceTree = "<group>"; };
		D07AA868255BEE6100D39C7F /* ML_SwiftUITests.xctest */ = {isa = PBXFileReference; explicitFileType = wrapper.cfbundle; includeInIndex = 0; path = ML_SwiftUITests.xctest; sourceTree = BUILT_PRODUCTS_DIR; };
		D07AA86C255BEE6100D39C7F /* ML_SwiftUITests.swift */ = {isa = PBXFileReference; lastKnownFileType = sourcecode.swift; path = ML_SwiftUITests.swift; sourceTree = "<group>"; };
		D07AA86E255BEE6100D39C7F /* Info.plist */ = {isa = PBXFileReference; lastKnownFileType = text.plist.xml; path = Info.plist; sourceTree = "<group>"; };
/* End PBXFileReference section */

/* Begin PBXFrameworksBuildPhase section */
		D07AA844255BEE5F00D39C7F /* Frameworks */ = {
			isa = PBXFrameworksBuildPhase;
			buildActionMask = 2147483647;
			files = (
			);
			runOnlyForDeploymentPostprocessing = 0;
		};
		D07AA85A255BEE6100D39C7F /* Frameworks */ = {
			isa = PBXFrameworksBuildPhase;
			buildActionMask = 2147483647;
			files = (
			);
			runOnlyForDeploymentPostprocessing = 0;
		};
		D07AA865255BEE6100D39C7F /* Frameworks */ = {
			isa = PBXFrameworksBuildPhase;
			buildActionMask = 2147483647;
			files = (
			);
			runOnlyForDeploymentPostprocessing = 0;
		};
/* End PBXFrameworksBuildPhase section */

/* Begin PBXGroup section */
		D07AA83E255BEE5F00D39C7F = {
			isa = PBXGroup;
			children = (
				D07AA849255BEE5F00D39C7F /* ML_Swift */,
				D07AA860255BEE6100D39C7F /* ML_SwiftTests */,
				D07AA86B255BEE6100D39C7F /* ML_SwiftUITests */,
				D07AA848255BEE5F00D39C7F /* Products */,
			);
			sourceTree = "<group>";
		};
		D07AA848255BEE5F00D39C7F /* Products */ = {
			isa = PBXGroup;
			children = (
				D07AA847255BEE5F00D39C7F /* ML_Swift.app */,
				D07AA85D255BEE6100D39C7F /* ML_SwiftTests.xctest */,
				D07AA868255BEE6100D39C7F /* ML_SwiftUITests.xctest */,
			);
			name = Products;
			sourceTree = "<group>";
		};
		D07AA849255BEE5F00D39C7F /* ML_Swift */ = {
			isa = PBXGroup;
			children = (
				D07AA84A255BEE5F00D39C7F /* AppDelegate.swift */,
				D07AA84C255BEE5F00D39C7F /* SceneDelegate.swift */,
				D07AA84E255BEE5F00D39C7F /* ViewController.swift */,
				D07AA850255BEE5F00D39C7F /* Main.storyboard */,
				D07AA853255BEE6100D39C7F /* Assets.xcassets */,
				D07AA855255BEE6100D39C7F /* LaunchScreen.storyboard */,
				D07AA858255BEE6100D39C7F /* Info.plist */,
			);
			path = ML_Swift;
			sourceTree = "<group>";
		};
		D07AA860255BEE6100D39C7F /* ML_SwiftTests */ = {
			isa = PBXGroup;
			children = (
				D07AA861255BEE6100D39C7F /* ML_SwiftTests.swift */,
				D07AA863255BEE6100D39C7F /* Info.plist */,
			);
			path = ML_SwiftTests;
			sourceTree = "<group>";
		};
		D07AA86B255BEE6100D39C7F /* ML_SwiftUITests */ = {
			isa = PBXGroup;
			children = (
				D07AA86C255BEE6100D39C7F /* ML_SwiftUITests.swift */,
				D07AA86E255BEE6100D39C7F /* Info.plist */,
			);
			path = ML_SwiftUITests;
			sourceTree = "<group>";
		};
/* End PBXGroup section */

/* Begin PBXNativeTarget section */
		D07AA846255BEE5F00D39C7F /* ML_Swift */ = {
			isa = PBXNativeTarget;
			buildConfigurationList = D07AA871255BEE6100D39C7F /* Build configuration list for PBXNativeTarget "ML_Swift" */;
			buildPhases = (
				D07AA843255BEE5F00D39C7F /* Sources */,
				D07AA844255BEE5F00D39C7F /* Frameworks */,
				D07AA845255BEE5F00D39C7F /* Resources */,
			);
			buildRules = (
			);
			dependencies = (
			);
			name = ML_Swift;
			productName = ML_Swift;
			productReference = D07AA847255BEE5F00D39C7F /* ML_Swift.app */;
			productType = "com.apple.product-type.application";
		};
		D07AA85C255BEE6100D39C7F /* ML_SwiftTests */ = {
			isa = PBXNativeTarget;
			buildConfigurationList = D07AA874255BEE6100D39C7F /* Build configuration list for PBXNativeTarget "ML_SwiftTests" */;
			buildPhases = (
				D07AA859255BEE6100D39C7F /* Sources */,
				D07AA85A255BEE6100D39C7F /* Frameworks */,
				D07AA85B255BEE6100D39C7F /* Resources */,
			);
			buildRules = (
			);
			dependencies = (
				D07AA85F255BEE6100D39C7F /* PBXTargetDependency */,
			);
			name = ML_SwiftTests;
			productName = ML_SwiftTests;
			productReference = D07AA85D255BEE6100D39C7F /* ML_SwiftTests.xctest */;
			productType = "com.apple.product-type.bundle.unit-test";
		};
		D07AA867255BEE6100D39C7F /* ML_SwiftUITests */ = {
			isa = PBXNativeTarget;
			buildConfigurationList = D07AA877255BEE6100D39C7F /* Build configuration list for PBXNativeTarget "ML_SwiftUITests" */;
			buildPhases = (
				D07AA864255BEE6100D39C7F /* Sources */,
				D07AA865255BEE6100D39C7F /* Frameworks */,
				D07AA866255BEE6100D39C7F /* Resources */,
			);
			buildRules = (
			);
			dependencies = (
				D07AA86A255BEE6100D39C7F /* PBXTargetDependency */,
			);
			name = ML_SwiftUITests;
			productName = ML_SwiftUITests;
			productReference = D07AA868255BEE6100D39C7F /* ML_SwiftUITests.xctest */;
			productType = "com.apple.product-type.bundle.ui-testing";
		};
/* End PBXNativeTarget section */

/* Begin PBXProject section */
		D07AA83F255BEE5F00D39C7F /* Project object */ = {
			isa = PBXProject;
			attributes = {
				LastSwiftUpdateCheck = 1210;
				LastUpgradeCheck = 1210;
				TargetAttributes = {
					D07AA846255BEE5F00D39C7F = {
						CreatedOnToolsVersion = 12.1;
					};
					D07AA85C255BEE6100D39C7F = {
						CreatedOnToolsVersion = 12.1;
						TestTargetID = D07AA846255BEE5F00D39C7F;
					};
					D07AA867255BEE6100D39C7F = {
						CreatedOnToolsVersion = 12.1;
						TestTargetID = D07AA846255BEE5F00D39C7F;
					};
				};
			};
			buildConfigurationList = D07AA842255BEE5F00D39C7F /* Build configuration list for PBXProject "ML_Swift" */;
			compatibilityVersion = "Xcode 9.3";
			developmentRegion = en;
			hasScannedForEncodings = 0;
			knownRegions = (
				en,
				Base,
			);
			mainGroup = D07AA83E255BEE5F00D39C7F;
			productRefGroup = D07AA848255BEE5F00D39C7F /* Products */;
			projectDirPath = "";
			projectRoot = "";
			targets = (
				D07AA846255BEE5F00D39C7F /* ML_Swift */,
				D07AA85C255BEE6100D39C7F /* ML_SwiftTests */,
				D07AA867255BEE6100D39C7F /* ML_SwiftUITests */,
			);
		};
/* End PBXProject section */

/* Begin PBXResourcesBuildPhase section */
		D07AA845255BEE5F00D39C7F /* Resources */ = {
			isa = PBXResourcesBuildPhase;
			buildActionMask = 2147483647;
			files = (
				D07AA857255BEE6100D39C7F /* LaunchScreen.storyboard in Resources */,
				D07AA854255BEE6100D39C7F /* Assets.xcassets in Resources */,
				D07AA852255BEE5F00D39C7F /* Main.storyboard in Resources */,
			);
			runOnlyForDeploymentPostprocessing = 0;
		};
		D07AA85B255BEE6100D39C7F /* Resources */ = {
			isa = PBXResourcesBuildPhase;
			buildActionMask = 2147483647;
			files = (
			);
			runOnlyForDeploymentPostprocessing = 0;
		};
		D07AA866255BEE6100D39C7F /* Resources */ = {
			isa = PBXResourcesBuildPhase;
			buildActionMask = 2147483647;
			files = (
			);
			runOnlyForDeploymentPostprocessing = 0;
		};
/* End PBXResourcesBuildPhase section */

/* Begin PBXSourcesBuildPhase section */
		D07AA843255BEE5F00D39C7F /* Sources */ = {
			isa = PBXSourcesBuildPhase;
			buildActionMask = 2147483647;
			files = (
				D07AA84F255BEE5F00D39C7F /* ViewController.swift in Sources */,
				D07AA84B255BEE5F00D39C7F /* AppDelegate.swift in Sources */,
				D07AA84D255BEE5F00D39C7F /* SceneDelegate.swift in Sources */,
			);
			runOnlyForDeploymentPostprocessing = 0;
		};
		D07AA859255BEE6100D39C7F /* Sources */ = {
			isa = PBXSourcesBuildPhase;
			buildActionMask = 2147483647;
			files = (
				D07AA862255BEE6100D39C7F /* ML_SwiftTests.swift in Sources */,
			);
			runOnlyForDeploymentPostprocessing = 0;
		};
		D07AA864255BEE6100D39C7F /* Sources */ = {
			isa = PBXSourcesBuildPhase;
			buildActionMask = 2147483647;
			files = (
				D07AA86D255BEE6100D39C7F /* ML_SwiftUITests.swift in Sources */,
			);
			runOnlyForDeploymentPostprocessing = 0;
		};
/* End PBXSourcesBuildPhase section */

/* Begin PBXTargetDependency section */
		D07AA85F255BEE6100D39C7F /* PBXTargetDependency */ = {
			isa = PBXTargetDependency;
			target = D07AA846255BEE5F00D39C7F /* ML_Swift */;
			targetProxy = D07AA85E255BEE6100D39C7F /* PBXContainerItemProxy */;
		};
		D07AA86A255BEE6100D39C7F /* PBXTargetDependency */ = {
			isa = PBXTargetDependency;
			target = D07AA846255BEE5F00D39C7F /* ML_Swift */;
			targetProxy = D07AA869255BEE6100D39C7F /* PBXContainerItemProxy */;
		};
/* End PBXTargetDependency section */

/* Begin PBXVariantGroup section */
		D07AA850255BEE5F00D39C7F /* Main.storyboard */ = {
			isa = PBXVariantGroup;
			children = (
				D07AA851255BEE5F00D39C7F /* Base */,
			);
			name = Main.storyboard;
			sourceTree = "<group>";
		};
		D07AA855255BEE6100D39C7F /* LaunchScreen.storyboard */ = {
			isa = PBXVariantGroup;
			children = (
				D07AA856255BEE6100D39C7F /* Base */,
			);
			name = LaunchScreen.storyboard;
			sourceTree = "<group>";
		};
/* End PBXVariantGroup section */

/* Begin XCBuildConfiguration section */
		D07AA86F255BEE6100D39C7F /* Debug */ = {
			isa = XCBuildConfiguration;
			buildSettings = {
				ALWAYS_SEARCH_USER_PATHS = NO;
				CLANG_ANALYZER_NONNULL = YES;
				CLANG_ANALYZER_NUMBER_OBJECT_CONVERSION = YES_AGGRESSIVE;
				CLANG_CXX_LANGUAGE_STANDARD = "gnu++14";
				CLANG_CXX_LIBRARY = "libc++";
				CLANG_ENABLE_MODULES = YES;
				CLANG_ENABLE_OBJC_ARC = YES;
				CLANG_ENABLE_OBJC_WEAK = YES;
				CLANG_WARN_BLOCK_CAPTURE_AUTORELEASING = YES;
				CLANG_WARN_BOOL_CONVERSION = YES;
				CLANG_WARN_COMMA = YES;
				CLANG_WARN_CONSTANT_CONVERSION = YES;
				CLANG_WARN_DEPRECATED_OBJC_IMPLEMENTATIONS = YES;
				CLANG_WARN_DIRECT_OBJC_ISA_USAGE = YES_ERROR;
				CLANG_WARN_DOCUMENTATION_COMMENTS = YES;
				CLANG_WARN_EMPTY_BODY = YES;
				CLANG_WARN_ENUM_CONVERSION = YES;
				CLANG_WARN_INFINITE_RECURSION = YES;
				CLANG_WARN_INT_CONVERSION = YES;
				CLANG_WARN_NON_LITERAL_NULL_CONVERSION = YES;
				CLANG_WARN_OBJC_IMPLICIT_RETAIN_SELF = YES;
				CLANG_WARN_OBJC_LITERAL_CONVERSION = YES;
				CLANG_WARN_OBJC_ROOT_CLASS = YES_ERROR;
				CLANG_WARN_QUOTED_INCLUDE_IN_FRAMEWORK_HEADER = YES;
				CLANG_WARN_RANGE_LOOP_ANALYSIS = YES;
				CLANG_WARN_STRICT_PROTOTYPES = YES;
				CLANG_WARN_SUSPICIOUS_MOVE = YES;
				CLANG_WARN_UNGUARDED_AVAILABILITY = YES_AGGRESSIVE;
				CLANG_WARN_UNREACHABLE_CODE = YES;
				CLANG_WARN__DUPLICATE_METHOD_MATCH = YES;
				COPY_PHASE_STRIP = NO;
				DEBUG_INFORMATION_FORMAT = dwarf;
				ENABLE_STRICT_OBJC_MSGSEND = YES;
				ENABLE_TESTABILITY = YES;
				GCC_C_LANGUAGE_STANDARD = gnu11;
				GCC_DYNAMIC_NO_PIC = NO;
				GCC_NO_COMMON_BLOCKS = YES;
				GCC_OPTIMIZATION_LEVEL = 0;
				GCC_PREPROCESSOR_DEFINITIONS = (
					"DEBUG=1",
					"$(inherited)",
				);
				GCC_WARN_64_TO_32_BIT_CONVERSION = YES;
				GCC_WARN_ABOUT_RETURN_TYPE = YES_ERROR;
				GCC_WARN_UNDECLARED_SELECTOR = YES;
				GCC_WARN_UNINITIALIZED_AUTOS = YES_AGGRESSIVE;
				GCC_WARN_UNUSED_FUNCTION = YES;
				GCC_WARN_UNUSED_VARIABLE = YES;
				IPHONEOS_DEPLOYMENT_TARGET = 14.1;
				MTL_ENABLE_DEBUG_INFO = INCLUDE_SOURCE;
				MTL_FAST_MATH = YES;
				ONLY_ACTIVE_ARCH = YES;
				SDKROOT = iphoneos;
				SWIFT_ACTIVE_COMPILATION_CONDITIONS = DEBUG;
				SWIFT_OPTIMIZATION_LEVEL = "-Onone";
			};
			name = Debug;
		};
		D07AA870255BEE6100D39C7F /* Release */ = {
			isa = XCBuildConfiguration;
			buildSettings = {
				ALWAYS_SEARCH_USER_PATHS = NO;
				CLANG_ANALYZER_NONNULL = YES;
				CLANG_ANALYZER_NUMBER_OBJECT_CONVERSION = YES_AGGRESSIVE;
				CLANG_CXX_LANGUAGE_STANDARD = "gnu++14";
				CLANG_CXX_LIBRARY = "libc++";
				CLANG_ENABLE_MODULES = YES;
				CLANG_ENABLE_OBJC_ARC = YES;
				CLANG_ENABLE_OBJC_WEAK = YES;
				CLANG_WARN_BLOCK_CAPTURE_AUTORELEASING = YES;
				CLANG_WARN_BOOL_CONVERSION = YES;
				CLANG_WARN_COMMA = YES;
				CLANG_WARN_CONSTANT_CONVERSION = YES;
				CLANG_WARN_DEPRECATED_OBJC_IMPLEMENTATIONS = YES;
				CLANG_WARN_DIRECT_OBJC_ISA_USAGE = YES_ERROR;
				CLANG_WARN_DOCUMENTATION_COMMENTS = YES;
				CLANG_WARN_EMPTY_BODY = YES;
				CLANG_WARN_ENUM_CONVERSION = YES;
				CLANG_WARN_INFINITE_RECURSION = YES;
				CLANG_WARN_INT_CONVERSION = YES;
				CLANG_WARN_NON_LITERAL_NULL_CONVERSION = YES;
				CLANG_WARN_OBJC_IMPLICIT_RETAIN_SELF = YES;
				CLANG_WARN_OBJC_LITERAL_CONVERSION = YES;
				CLANG_WARN_OBJC_ROOT_CLASS = YES_ERROR;
				CLANG_WARN_QUOTED_INCLUDE_IN_FRAMEWORK_HEADER = YES;
				CLANG_WARN_RANGE_LOOP_ANALYSIS = YES;
				CLANG_WARN_STRICT_PROTOTYPES = YES;
				CLANG_WARN_SUSPICIOUS_MOVE = YES;
				CLANG_WARN_UNGUARDED_AVAILABILITY = YES_AGGRESSIVE;
				CLANG_WARN_UNREACHABLE_CODE = YES;
				CLANG_WARN__DUPLICATE_METHOD_MATCH = YES;
				COPY_PHASE_STRIP = NO;
				DEBUG_INFORMATION_FORMAT = "dwarf-with-dsym";
				ENABLE_NS_ASSERTIONS = NO;
				ENABLE_STRICT_OBJC_MSGSEND = YES;
				GCC_C_LANGUAGE_STANDARD = gnu11;
				GCC_NO_COMMON_BLOCKS = YES;
				GCC_WARN_64_TO_32_BIT_CONVERSION = YES;
				GCC_WARN_ABOUT_RETURN_TYPE = YES_ERROR;
				GCC_WARN_UNDECLARED_SELECTOR = YES;
				GCC_WARN_UNINITIALIZED_AUTOS = YES_AGGRESSIVE;
				GCC_WARN_UNUSED_FUNCTION = YES;
				GCC_WARN_UNUSED_VARIABLE = YES;
				IPHONEOS_DEPLOYMENT_TARGET = 14.1;
				MTL_ENABLE_DEBUG_INFO = NO;
				MTL_FAST_MATH = YES;
				SDKROOT = iphoneos;
				SWIFT_COMPILATION_MODE = wholemodule;
				SWIFT_OPTIMIZATION_LEVEL = "-O";
				VALIDATE_PRODUCT = YES;
			};
			name = Release;
		};
		D07AA872255BEE6100D39C7F /* Debug */ = {
			isa = XCBuildConfiguration;
			buildSettings = {
				ASSETCATALOG_COMPILER_APPICON_NAME = AppIcon;
				ASSETCATALOG_COMPILER_GLOBAL_ACCENT_COLOR_NAME = AccentColor;
				CODE_SIGN_STYLE = Automatic;
				DEVELOPMENT_TEAM = FKF3T2BH4Z;
				INFOPLIST_FILE = ML_Swift/Info.plist;
				LD_RUNPATH_SEARCH_PATHS = (
					"$(inherited)",
					"@executable_path/Frameworks",
				);
				PRODUCT_BUNDLE_IDENTIFIER = "ChengduPaiyeCompany.ML-Swift";
				PRODUCT_NAME = "$(TARGET_NAME)";
				SWIFT_VERSION = 5.0;
				TARGETED_DEVICE_FAMILY = "1,2";
			};
			name = Debug;
		};
		D07AA873255BEE6100D39C7F /* Release */ = {
			isa = XCBuildConfiguration;
			buildSettings = {
				ASSETCATALOG_COMPILER_APPICON_NAME = AppIcon;
				ASSETCATALOG_COMPILER_GLOBAL_ACCENT_COLOR_NAME = AccentColor;
				CODE_SIGN_STYLE = Automatic;
				DEVELOPMENT_TEAM = FKF3T2BH4Z;
				INFOPLIST_FILE = ML_Swift/Info.plist;
				LD_RUNPATH_SEARCH_PATHS = (
					"$(inherited)",
					"@executable_path/Frameworks",
				);
				PRODUCT_BUNDLE_IDENTIFIER = "ChengduPaiyeCompany.ML-Swift";
				PRODUCT_NAME = "$(TARGET_NAME)";
				SWIFT_VERSION = 5.0;
				TARGETED_DEVICE_FAMILY = "1,2";
			};
			name = Release;
		};
		D07AA875255BEE6100D39C7F /* Debug */ = {
			isa = XCBuildConfiguration;
			buildSettings = {
				ALWAYS_EMBED_SWIFT_STANDARD_LIBRARIES = YES;
				BUNDLE_LOADER = "$(TEST_HOST)";
				CODE_SIGN_STYLE = Automatic;
				DEVELOPMENT_TEAM = FKF3T2BH4Z;
				INFOPLIST_FILE = ML_SwiftTests/Info.plist;
				IPHONEOS_DEPLOYMENT_TARGET = 14.1;
				LD_RUNPATH_SEARCH_PATHS = (
					"$(inherited)",
					"@executable_path/Frameworks",
					"@loader_path/Frameworks",
				);
				PRODUCT_BUNDLE_IDENTIFIER = "ChengduPaiyeCompany.ML-SwiftTests";
				PRODUCT_NAME = "$(TARGET_NAME)";
				SWIFT_VERSION = 5.0;
				TARGETED_DEVICE_FAMILY = "1,2";
				TEST_HOST = "$(BUILT_PRODUCTS_DIR)/ML_Swift.app/ML_Swift";
			};
			name = Debug;
		};
		D07AA876255BEE6100D39C7F /* Release */ = {
			isa = XCBuildConfiguration;
			buildSettings = {
				ALWAYS_EMBED_SWIFT_STANDARD_LIBRARIES = YES;
				BUNDLE_LOADER = "$(TEST_HOST)";
				CODE_SIGN_STYLE = Automatic;
				DEVELOPMENT_TEAM = FKF3T2BH4Z;
				INFOPLIST_FILE = ML_SwiftTests/Info.plist;
				IPHONEOS_DEPLOYMENT_TARGET = 14.1;
				LD_RUNPATH_SEARCH_PATHS = (
					"$(inherited)",
					"@executable_path/Frameworks",
					"@loader_path/Frameworks",
				);
				PRODUCT_BUNDLE_IDENTIFIER = "ChengduPaiyeCompany.ML-SwiftTests";
				PRODUCT_NAME = "$(TARGET_NAME)";
				SWIFT_VERSION = 5.0;
				TARGETED_DEVICE_FAMILY = "1,2";
				TEST_HOST = "$(BUILT_PRODUCTS_DIR)/ML_Swift.app/ML_Swift";
			};
			name = Release;
		};
		D07AA878255BEE6100D39C7F /* Debug */ = {
			isa = XCBuildConfiguration;
			buildSettings = {
				ALWAYS_EMBED_SWIFT_STANDARD_LIBRARIES = YES;
				CODE_SIGN_STYLE = Automatic;
				DEVELOPMENT_TEAM = FKF3T2BH4Z;
				INFOPLIST_FILE = ML_SwiftUITests/Info.plist;
				LD_RUNPATH_SEARCH_PATHS = (
					"$(inherited)",
					"@executable_path/Frameworks",
					"@loader_path/Frameworks",
				);
				PRODUCT_BUNDLE_IDENTIFIER = "ChengduPaiyeCompany.ML-SwiftUITests";
				PRODUCT_NAME = "$(TARGET_NAME)";
				SWIFT_VERSION = 5.0;
				TARGETED_DEVICE_FAMILY = "1,2";
				TEST_TARGET_NAME = ML_Swift;
			};
			name = Debug;
		};
		D07AA879255BEE6100D39C7F /* Release */ = {
			isa = XCBuildConfiguration;
			buildSettings = {
				ALWAYS_EMBED_SWIFT_STANDARD_LIBRARIES = YES;
				CODE_SIGN_STYLE = Automatic;
				DEVELOPMENT_TEAM = FKF3T2BH4Z;
				INFOPLIST_FILE = ML_SwiftUITests/Info.plist;
				LD_RUNPATH_SEARCH_PATHS = (
					"$(inherited)",
					"@executable_path/Frameworks",
					"@loader_path/Frameworks",
				);
				PRODUCT_BUNDLE_IDENTIFIER = "ChengduPaiyeCompany.ML-SwiftUITests";
				PRODUCT_NAME = "$(TARGET_NAME)";
				SWIFT_VERSION = 5.0;
				TARGETED_DEVICE_FAMILY = "1,2";
				TEST_TARGET_NAME = ML_Swift;
			};
			name = Release;
		};
/* End XCBuildConfiguration section */

/* Begin XCConfigurationList section */
		D07AA842255BEE5F00D39C7F /* Build configuration list for PBXProject "ML_Swift" */ = {
			isa = XCConfigurationList;
			buildConfigurations = (
				D07AA86F255BEE6100D39C7F /* Debug */,
				D07AA870255BEE6100D39C7F /* Release */,
			);
			defaultConfigurationIsVisible = 0;
			defaultConfigurationName = Release;
		};
		D07AA871255BEE6100D39C7F /* Build configuration list for PBXNativeTarget "ML_Swift" */ = {
			isa = XCConfigurationList;
			buildConfigurations = (
				D07AA872255BEE6100D39C7F /* Debug */,
				D07AA873255BEE6100D39C7F /* Release */,
			);
			defaultConfigurationIsVisible = 0;
			defaultConfigurationName = Release;
		};
		D07AA874255BEE6100D39C7F /* Build configuration list for PBXNativeTarget "ML_SwiftTests" */ = {
			isa = XCConfigurationList;
			buildConfigurations = (
				D07AA875255BEE6100D39C7F /* Debug */,
				D07AA876255BEE6100D39C7F /* Release */,
			);
			defaultConfigurationIsVisible = 0;
			defaultConfigurationName = Release;
		};
		D07AA877255BEE6100D39C7F /* Build configuration list for PBXNativeTarget "ML_SwiftUITests" */ = {
			isa = XCConfigurationList;
			buildConfigurations = (
				D07AA878255BEE6100D39C7F /* Debug */,
				D07AA879255BEE6100D39C7F /* Release */,
			);
			defaultConfigurationIsVisible = 0;
			defaultConfigurationName = Release;
		};
/* End XCConfigurationList section */
	};
	rootObject = D07AA83F255BEE5F00D39C7F /* Project object */;
}
